
Microsoft Visual Studio Solution File, Format Version 12.00
# Visual Studio 15
VisualStudioVersion = 15.0.28307.329
MinimumVisualStudioVersion = 10.0.40219.1
Project("{FAE04EC0-301F-11D3-BF4B-00C04F79EFBC}") = "EasyWalletWeb", "EasyWalletWeb\EasyWalletWeb.csproj", "{04C61B09-2370-4E1E-A1F3-B65E59BC9489}"
EndProject
Global
	GlobalSection(SolutionConfigurationPlatforms) = preSolution
		Debug|Any CPU = Debug|Any CPU
		Release|Any CPU = Release|Any CPU
	EndGlobalSection
	GlobalSection(ProjectConfigurationPlatforms) = postSolution
		{04C61B09-2370-4E1E-A1F3-B65E59BC9489}.Debug|Any CPU.ActiveCfg = Debug|Any CPU
		{04C61B09-2370-4E1E-A1F3-B65E59BC9489}.Debug|Any CPU.Build.0 = Debug|Any CPU
		{04C61B09-2370-4E1E-A1F3-B65E59BC9489}.Release|Any CPU.ActiveCfg = Release|Any CPU
		{04C61B09-2370-4E1E-A1F3-B65E59BC9489}.Release|Any CPU.Build.0 = Release|Any CPU
	EndGlobalSection
	GlobalSection(SolutionProperties) = preSolution
		HideSolutionNode = FALSE
	EndGlobalSection
	GlobalSection(ExtensibilityGlobals) = postSolution
		SolutionGuid = {92B3CE72-D205-4DA9-8906-2338CCD02DC1}
	EndGlobalSection
EndGlobal
