
Microsoft Visual Studio Solution File, Format Version 12.00
# Visual Studio Version 16
VisualStudioVersion = 16.0.30907.101
MinimumVisualStudioVersion = 10.0.40219.1
Project("{9A19103F-16F7-4668-BE54-9A1E7A4F7556}") = "EasyWalletWeb", "EasyWalletWeb\EasyWalletWeb.csproj", "{9C7B8353-FF09-4AD4-86D4-AE73BB38E3DC}"
EndProject
Project("{9A19103F-16F7-4668-BE54-9A1E7A4F7556}") = "EasyWallet.Data", "EasyWallet.Data\EasyWallet.Data.csproj", "{DD29EDA8-FC49-49EC-9C5E-A20616F6CE2B}"
EndProject
Project("{FAE04EC0-301F-11D3-BF4B-00C04F79EFBC}") = "EasyWallet.Business", "EasyWallet.Business\EasyWallet.Business.csproj", "{23FE1ABE-6C75-4BFF-AD95-39C3A63AF579}"
EndProject
Global
	GlobalSection(SolutionConfigurationPlatforms) = preSolution
		Debug|Any CPU = Debug|Any CPU
		Release|Any CPU = Release|Any CPU
	EndGlobalSection
	GlobalSection(ProjectConfigurationPlatforms) = postSolution
		{9C7B8353-FF09-4AD4-86D4-AE73BB38E3DC}.Debug|Any CPU.ActiveCfg = Debug|Any CPU
		{9C7B8353-FF09-4AD4-86D4-AE73BB38E3DC}.Debug|Any CPU.Build.0 = Debug|Any CPU
		{9C7B8353-FF09-4AD4-86D4-AE73BB38E3DC}.Release|Any CPU.ActiveCfg = Release|Any CPU
		{9C7B8353-FF09-4AD4-86D4-AE73BB38E3DC}.Release|Any CPU.Build.0 = Release|Any CPU
		{DD29EDA8-FC49-49EC-9C5E-A20616F6CE2B}.Debug|Any CPU.ActiveCfg = Debug|Any CPU
		{DD29EDA8-FC49-49EC-9C5E-A20616F6CE2B}.Debug|Any CPU.Build.0 = Debug|Any CPU
		{DD29EDA8-FC49-49EC-9C5E-A20616F6CE2B}.Release|Any CPU.ActiveCfg = Release|Any CPU
		{DD29EDA8-FC49-49EC-9C5E-A20616F6CE2B}.Release|Any CPU.Build.0 = Release|Any CPU
		{23FE1ABE-6C75-4BFF-AD95-39C3A63AF579}.Debug|Any CPU.ActiveCfg = Debug|Any CPU
		{23FE1ABE-6C75-4BFF-AD95-39C3A63AF579}.Debug|Any CPU.Build.0 = Debug|Any CPU
		{23FE1ABE-6C75-4BFF-AD95-39C3A63AF579}.Release|Any CPU.ActiveCfg = Release|Any CPU
		{23FE1ABE-6C75-4BFF-AD95-39C3A63AF579}.Release|Any CPU.Build.0 = Release|Any CPU
	EndGlobalSection
	GlobalSection(SolutionProperties) = preSolution
		HideSolutionNode = FALSE
	EndGlobalSection
	GlobalSection(ExtensibilityGlobals) = postSolution
		SolutionGuid = {134D9FB8-A383-49F9-8709-A828CFD4323C}
	EndGlobalSection
EndGlobal
